{
  "name": "cae-gha-expression-evaluator",
  "version": "1.0.0",
  "lockfileVersion": 3,
  "requires": true,
  "packages": {
    "": {
      "name": "cae-gha-expression-evaluator",
      "version": "1.0.0",
      "dependencies": {
        "@actions/expressions": "0.3.60"
      }
    },
    "node_modules/@actions/expressions": {
      "version": "0.3.60",
      "resolved": "https://registry.npmjs.org/@actions/expressions/-/expressions-0.3.60.tgz",
      "integrity": "sha512-9Go4zz77GbM6iUkullgo0tN7AHgUNRLkw66C6k3mHEc/QScweRNffjSluS0jcip+ULGkDYzBnyMvY9RjnFjEMA==",
      "license": "MIT",
      "engines": {
        "node": ">= 20"
      }
    }
  }
}
